
Microsoft Visual Studio Solution File, Format Version 12.00
# Visual Studio 2013
VisualStudioVersion = 12.0.21005.1
MinimumVisualStudioVersion = 10.0.40219.1
Project("{FAE04EC0-301F-11D3-BF4B-00C04F79EFBC}") = "api.schoolbase", "api.schoolbase\api.schoolbase.csproj", "{1727446E-062B-46B3-8196-DC134039E405}"
EndProject
Project("{FAE04EC0-301F-11D3-BF4B-00C04F79EFBC}") = "api.schoolbase.bll", "api.schoolbase.bll\api.schoolbase.bll.csproj", "{5266FB93-DF87-4ED9-B7F9-1EB7D6A6E734}"
EndProject
Project("{FAE04EC0-301F-11D3-BF4B-00C04F79EFBC}") = "api.schoolbase.entities", "api.schoolbase.entities\api.schoolbase.entities.csproj", "{924ED650-CF85-4F1F-87D7-4A83EC2FB0B4}"
EndProject
Project("{FAE04EC0-301F-11D3-BF4B-00C04F79EFBC}") = "api.schoolbase.Filters", "api.schoolbase.Filters\api.schoolbase.Filters.csproj", "{87C927F6-0C3D-4977-945F-D5EEEF22822F}"
EndProject
Global
	GlobalSection(SolutionConfigurationPlatforms) = preSolution
		Debug|Any CPU = Debug|Any CPU
		Release|Any CPU = Release|Any CPU
	EndGlobalSection
	GlobalSection(ProjectConfigurationPlatforms) = postSolution
		{1727446E-062B-46B3-8196-DC134039E405}.Debug|Any CPU.ActiveCfg = Debug|Any CPU
		{1727446E-062B-46B3-8196-DC134039E405}.Debug|Any CPU.Build.0 = Debug|Any CPU
		{1727446E-062B-46B3-8196-DC134039E405}.Release|Any CPU.ActiveCfg = Release|Any CPU
		{1727446E-062B-46B3-8196-DC134039E405}.Release|Any CPU.Build.0 = Release|Any CPU
		{5266FB93-DF87-4ED9-B7F9-1EB7D6A6E734}.Debug|Any CPU.ActiveCfg = Debug|Any CPU
		{5266FB93-DF87-4ED9-B7F9-1EB7D6A6E734}.Debug|Any CPU.Build.0 = Debug|Any CPU
		{5266FB93-DF87-4ED9-B7F9-1EB7D6A6E734}.Release|Any CPU.ActiveCfg = Release|Any CPU
		{5266FB93-DF87-4ED9-B7F9-1EB7D6A6E734}.Release|Any CPU.Build.0 = Release|Any CPU
		{924ED650-CF85-4F1F-87D7-4A83EC2FB0B4}.Debug|Any CPU.ActiveCfg = Debug|Any CPU
		{924ED650-CF85-4F1F-87D7-4A83EC2FB0B4}.Debug|Any CPU.Build.0 = Debug|Any CPU
		{924ED650-CF85-4F1F-87D7-4A83EC2FB0B4}.Release|Any CPU.ActiveCfg = Release|Any CPU
		{924ED650-CF85-4F1F-87D7-4A83EC2FB0B4}.Release|Any CPU.Build.0 = Release|Any CPU
		{87C927F6-0C3D-4977-945F-D5EEEF22822F}.Debug|Any CPU.ActiveCfg = Debug|Any CPU
		{87C927F6-0C3D-4977-945F-D5EEEF22822F}.Debug|Any CPU.Build.0 = Debug|Any CPU
		{87C927F6-0C3D-4977-945F-D5EEEF22822F}.Release|Any CPU.ActiveCfg = Release|Any CPU
		{87C927F6-0C3D-4977-945F-D5EEEF22822F}.Release|Any CPU.Build.0 = Release|Any CPU
	EndGlobalSection
	GlobalSection(SolutionProperties) = preSolution
		HideSolutionNode = FALSE
	EndGlobalSection
EndGlobal
